
Microsoft Visual Studio Solution File, Format Version 12.00
# Visual Studio Version 17
VisualStudioVersion = 17.9.34723.18
MinimumVisualStudioVersion = 10.0.40219.1
Project("{8BC9CEB8-8B4A-11D0-8D11-00A0C91BC942}") = "Project1", "Project1\Project1.vcxproj", "{5DC317BE-09DA-481E-AF6B-69769A862D3A}"
EndProject
Global
	GlobalSection(SolutionConfigurationPlatforms) = preSolution
		Debug|x64 = Debug|x64
		Debug|x86 = Debug|x86
		Release|x64 = Release|x64
		Release|x86 = Release|x86
	EndGlobalSection
	GlobalSection(ProjectConfigurationPlatforms) = postSolution
		{5DC317BE-09DA-481E-AF6B-69769A862D3A}.Debug|x64.ActiveCfg = Debug|x64
		{5DC317BE-09DA-481E-AF6B-69769A862D3A}.Debug|x64.Build.0 = Debug|x64
		{5DC317BE-09DA-481E-AF6B-69769A862D3A}.Debug|x86.ActiveCfg = Debug|Win32
		{5DC317BE-09DA-481E-AF6B-69769A862D3A}.Debug|x86.Build.0 = Debug|Win32
		{5DC317BE-09DA-481E-AF6B-69769A862D3A}.Release|x64.ActiveCfg = Release|x64
		{5DC317BE-09DA-481E-AF6B-69769A862D3A}.Release|x64.Build.0 = Release|x64
		{5DC317BE-09DA-481E-AF6B-69769A862D3A}.Release|x86.ActiveCfg = Release|Win32
		{5DC317BE-09DA-481E-AF6B-69769A862D3A}.Release|x86.Build.0 = Release|Win32
	EndGlobalSection
	GlobalSection(SolutionProperties) = preSolution
		HideSolutionNode = FALSE
	EndGlobalSection
	GlobalSection(ExtensibilityGlobals) = postSolution
		SolutionGuid = {2AAB069D-E314-456C-8912-ECC8062F3210}
	EndGlobalSection
EndGlobal
